// !$*UTF8*$!
{
	archiveVersion = 1;
	classes = {
	};
	objectVersion = 46;
	objects = {

/* Begin PBXBuildFile section */
		4F00CD8A1DF2A74800AB65F9 /* AppDelegate.swift in Sources */ = {isa = PBXBuildFile; fileRef = 4F00CD891DF2A74800AB65F9 /* AppDelegate.swift */; };
		4F00CD8F1DF2A74800AB65F9 /* Main.storyboard in Resources */ = {isa = PBXBuildFile; fileRef = 4F00CD8D1DF2A74800AB65F9 /* Main.storyboard */; };
		4F00CD911DF2A74800AB65F9 /* Assets.xcassets in Resources */ = {isa = PBXBuildFile; fileRef = 4F00CD901DF2A74800AB65F9 /* Assets.xcassets */; };
		4F00CD941DF2A74800AB65F9 /* LaunchScreen.storyboard in Resources */ = {isa = PBXBuildFile; fileRef = 4F00CD921DF2A74800AB65F9 /* LaunchScreen.storyboard */; };
		4F00CD9D1DF2AA1100AB65F9 /* animals.json in Resources */ = {isa = PBXBuildFile; fileRef = 4F00CD9B1DF2AA1100AB65F9 /* animals.json */; };
		4F00CD9E1DF2AA1100AB65F9 /* cinema.json in Resources */ = {isa = PBXBuildFile; fileRef = 4F00CD9C1DF2AA1100AB65F9 /* cinema.json */; };
		4F00CDA11DF2B17C00AB65F9 /* MyFirstTableViewController.swift in Sources */ = {isa = PBXBuildFile; fileRef = 4F00CDA01DF2B17C00AB65F9 /* MyFirstTableViewController.swift */; };
		4F3747DD1DF2C45900489237 /* DataLoader.swift in Sources */ = {isa = PBXBuildFile; fileRef = 4F3747DC1DF2C45900489237 /* DataLoader.swift */; };
		4F3747DF1DF2C4A300489237 /* Question.swift in Sources */ = {isa = PBXBuildFile; fileRef = 4F3747DE1DF2C4A300489237 /* Question.swift */; };
		4F3747E11DF2CA1900489237 /* Quiz.swift in Sources */ = {isa = PBXBuildFile; fileRef = 4F3747E01DF2CA1900489237 /* Quiz.swift */; };
/* End PBXBuildFile section */

/* Begin PBXFileReference section */
		4F00CD861DF2A74800AB65F9 /* Quiz.app */ = {isa = PBXFileReference; explicitFileType = wrapper.application; includeInIndex = 0; path = Quiz.app; sourceTree = BUILT_PRODUCTS_DIR; };
		4F00CD891DF2A74800AB65F9 /* AppDelegate.swift */ = {isa = PBXFileReference; lastKnownFileType = sourcecode.swift; path = AppDelegate.swift; sourceTree = "<group>"; };
		4F00CD8E1DF2A74800AB65F9 /* Base */ = {isa = PBXFileReference; lastKnownFileType = file.storyboard; name = Base; path = Base.lproj/Main.storyboard; sourceTree = "<group>"; };
		4F00CD901DF2A74800AB65F9 /* Assets.xcassets */ = {isa = PBXFileReference; lastKnownFileType = folder.assetcatalog; path = Assets.xcassets; sourceTree = "<group>"; };
		4F00CD931DF2A74800AB65F9 /* Base */ = {isa = PBXFileReference; lastKnownFileType = file.storyboard; name = Base; path = Base.lproj/LaunchScreen.storyboard; sourceTree = "<group>"; };
		4F00CD951DF2A74800AB65F9 /* Info.plist */ = {isa = PBXFileReference; lastKnownFileType = text.plist.xml; path = Info.plist; sourceTree = "<group>"; };
		4F00CD9B1DF2AA1100AB65F9 /* animals.json */ = {isa = PBXFileReference; fileEncoding = 4; lastKnownFileType = text.json; path = animals.json; sourceTree = "<group>"; };
		4F00CD9C1DF2AA1100AB65F9 /* cinema.json */ = {isa = PBXFileReference; fileEncoding = 4; lastKnownFileType = text.json; path = cinema.json; sourceTree = "<group>"; };
		4F00CDA01DF2B17C00AB65F9 /* MyFirstTableViewController.swift */ = {isa = PBXFileReference; fileEncoding = 4; lastKnownFileType = sourcecode.swift; path = MyFirstTableViewController.swift; sourceTree = "<group>"; };
		4F3747DC1DF2C45900489237 /* DataLoader.swift */ = {isa = PBXFileReference; fileEncoding = 4; lastKnownFileType = sourcecode.swift; path = DataLoader.swift; sourceTree = "<group>"; };
		4F3747DE1DF2C4A300489237 /* Question.swift */ = {isa = PBXFileReference; fileEncoding = 4; lastKnownFileType = sourcecode.swift; path = Question.swift; sourceTree = "<group>"; };
		4F3747E01DF2CA1900489237 /* Quiz.swift */ = {isa = PBXFileReference; fileEncoding = 4; lastKnownFileType = sourcecode.swift; path = Quiz.swift; sourceTree = "<group>"; };
/* End PBXFileReference section */

/* Begin PBXFrameworksBuildPhase section */
		4F00CD831DF2A74800AB65F9 /* Frameworks */ = {
			isa = PBXFrameworksBuildPhase;
			buildActionMask = 2147483647;
			files = (
			);
			runOnlyForDeploymentPostprocessing = 0;
		};
/* End PBXFrameworksBuildPhase section */

/* Begin PBXGroup section */
		4F00CD7D1DF2A74800AB65F9 = {
			isa = PBXGroup;
			children = (
				4F00CD881DF2A74800AB65F9 /* Quiz */,
				4F00CD871DF2A74800AB65F9 /* Products */,
			);
			sourceTree = "<group>";
		};
		4F00CD871DF2A74800AB65F9 /* Products */ = {
			isa = PBXGroup;
			children = (
				4F00CD861DF2A74800AB65F9 /* Quiz.app */,
			);
			name = Products;
			sourceTree = "<group>";
		};
		4F00CD881DF2A74800AB65F9 /* Quiz */ = {
			isa = PBXGroup;
			children = (
				4F00CD891DF2A74800AB65F9 /* AppDelegate.swift */,
				4F00CDA01DF2B17C00AB65F9 /* MyFirstTableViewController.swift */,
				4F3747E21DF2CA3700489237 /* Models */,
				4F00CD9F1DF2AA3A00AB65F9 /* Supporting Files */,
				4F00CD8D1DF2A74800AB65F9 /* Main.storyboard */,
				4F00CD901DF2A74800AB65F9 /* Assets.xcassets */,
				4F00CD921DF2A74800AB65F9 /* LaunchScreen.storyboard */,
				4F00CD951DF2A74800AB65F9 /* Info.plist */,
			);
			path = Quiz;
			sourceTree = "<group>";
		};
		4F00CD9F1DF2AA3A00AB65F9 /* Supporting Files */ = {
			isa = PBXGroup;
			children = (
				4F00CD9B1DF2AA1100AB65F9 /* animals.json */,
				4F00CD9C1DF2AA1100AB65F9 /* cinema.json */,
			);
			name = "Supporting Files";
			sourceTree = "<group>";
		};
		4F3747E21DF2CA3700489237 /* Models */ = {
			isa = PBXGroup;
			children = (
				4F3747DC1DF2C45900489237 /* DataLoader.swift */,
				4F3747E01DF2CA1900489237 /* Quiz.swift */,
				4F3747DE1DF2C4A300489237 /* Question.swift */,
			);
			name = Models;
			sourceTree = "<group>";
		};
/* End PBXGroup section */

/* Begin PBXNativeTarget section */
		4F00CD851DF2A74800AB65F9 /* Quiz */ = {
			isa = PBXNativeTarget;
			buildConfigurationList = 4F00CD981DF2A74800AB65F9 /* Build configuration list for PBXNativeTarget "Quiz" */;
			buildPhases = (
				4F00CD821DF2A74800AB65F9 /* Sources */,
				4F00CD831DF2A74800AB65F9 /* Frameworks */,
				4F00CD841DF2A74800AB65F9 /* Resources */,
			);
			buildRules = (
			);
			dependencies = (
			);
			name = Quiz;
			productName = Quiz;
			productReference = 4F00CD861DF2A74800AB65F9 /* Quiz.app */;
			productType = "com.apple.product-type.application";
		};
/* End PBXNativeTarget section */

/* Begin PBXProject section */
		4F00CD7E1DF2A74800AB65F9 /* Project object */ = {
			isa = PBXProject;
			attributes = {
				LastSwiftUpdateCheck = 0810;
				LastUpgradeCheck = 0810;
				ORGANIZATIONNAME = "Nikolay Shubenkov";
				TargetAttributes = {
					4F00CD851DF2A74800AB65F9 = {
						CreatedOnToolsVersion = 8.1;
						ProvisioningStyle = Automatic;
					};
				};
			};
			buildConfigurationList = 4F00CD811DF2A74800AB65F9 /* Build configuration list for PBXProject "Quiz" */;
			compatibilityVersion = "Xcode 3.2";
			developmentRegion = English;
			hasScannedForEncodings = 0;
			knownRegions = (
				en,
				Base,
			);
			mainGroup = 4F00CD7D1DF2A74800AB65F9;
			productRefGroup = 4F00CD871DF2A74800AB65F9 /* Products */;
			projectDirPath = "";
			projectRoot = "";
			targets = (
				4F00CD851DF2A74800AB65F9 /* Quiz */,
			);
		};
/* End PBXProject section */

/* Begin PBXResourcesBuildPhase section */
		4F00CD841DF2A74800AB65F9 /* Resources */ = {
			isa = PBXResourcesBuildPhase;
			buildActionMask = 2147483647;
			files = (
				4F00CD941DF2A74800AB65F9 /* LaunchScreen.storyboard in Resources */,
				4F00CD9E1DF2AA1100AB65F9 /* cinema.json in Resources */,
				4F00CD9D1DF2AA1100AB65F9 /* animals.json in Resources */,
				4F00CD911DF2A74800AB65F9 /* Assets.xcassets in Resources */,
				4F00CD8F1DF2A74800AB65F9 /* Main.storyboard in Resources */,
			);
			runOnlyForDeploymentPostprocessing = 0;
		};
/* End PBXResourcesBuildPhase section */

/* Begin PBXSourcesBuildPhase section */
		4F00CD821DF2A74800AB65F9 /* Sources */ = {
			isa = PBXSourcesBuildPhase;
			buildActionMask = 2147483647;
			files = (
				4F00CDA11DF2B17C00AB65F9 /* MyFirstTableViewController.swift in Sources */,
				4F3747E11DF2CA1900489237 /* Quiz.swift in Sources */,
				4F3747DF1DF2C4A300489237 /* Question.swift in Sources */,
				4F00CD8A1DF2A74800AB65F9 /* AppDelegate.swift in Sources */,
				4F3747DD1DF2C45900489237 /* DataLoader.swift in Sources */,
			);
			runOnlyForDeploymentPostprocessing = 0;
		};
/* End PBXSourcesBuildPhase section */

/* Begin PBXVariantGroup section */
		4F00CD8D1DF2A74800AB65F9 /* Main.storyboard */ = {
			isa = PBXVariantGroup;
			children = (
				4F00CD8E1DF2A74800AB65F9 /* Base */,
			);
			name = Main.storyboard;
			sourceTree = "<group>";
		};
		4F00CD921DF2A74800AB65F9 /* LaunchScreen.storyboard */ = {
			isa = PBXVariantGroup;
			children = (
				4F00CD931DF2A74800AB65F9 /* Base */,
			);
			name = LaunchScreen.storyboard;
			sourceTree = "<group>";
		};
/* End PBXVariantGroup section */

/* Begin XCBuildConfiguration section */
		4F00CD961DF2A74800AB65F9 /* Debug */ = {
			isa = XCBuildConfiguration;
			buildSettings = {
				ALWAYS_SEARCH_USER_PATHS = NO;
				CLANG_ANALYZER_NONNULL = YES;
				CLANG_CXX_LANGUAGE_STANDARD = "gnu++0x";
				CLANG_CXX_LIBRARY = "libc++";
				CLANG_ENABLE_MODULES = YES;
				CLANG_ENABLE_OBJC_ARC = YES;
				CLANG_WARN_BOOL_CONVERSION = YES;
				CLANG_WARN_CONSTANT_CONVERSION = YES;
				CLANG_WARN_DIRECT_OBJC_ISA_USAGE = YES_ERROR;
				CLANG_WARN_DOCUMENTATION_COMMENTS = YES;
				CLANG_WARN_EMPTY_BODY = YES;
				CLANG_WARN_ENUM_CONVERSION = YES;
				CLANG_WARN_INFINITE_RECURSION = YES;
				CLANG_WARN_INT_CONVERSION = YES;
				CLANG_WARN_OBJC_ROOT_CLASS = YES_ERROR;
				CLANG_WARN_SUSPICIOUS_MOVES = YES;
				CLANG_WARN_UNREACHABLE_CODE = YES;
				CLANG_WARN__DUPLICATE_METHOD_MATCH = YES;
				"CODE_SIGN_IDENTITY[sdk=iphoneos*]" = "iPhone Developer";
				COPY_PHASE_STRIP = NO;
				DEBUG_INFORMATION_FORMAT = dwarf;
				ENABLE_STRICT_OBJC_MSGSEND = YES;
				ENABLE_TESTABILITY = YES;
				GCC_C_LANGUAGE_STANDARD = gnu99;
				GCC_DYNAMIC_NO_PIC = NO;
				GCC_NO_COMMON_BLOCKS = YES;
				GCC_OPTIMIZATION_LEVEL = 0;
				GCC_PREPROCESSOR_DEFINITIONS = (
					"DEBUG=1",
					"$(inherited)",
				);
				GCC_WARN_64_TO_32_BIT_CONVERSION = YES;
				GCC_WARN_ABOUT_RETURN_TYPE = YES_ERROR;
				GCC_WARN_UNDECLARED_SELECTOR = YES;
				GCC_WARN_UNINITIALIZED_AUTOS = YES_AGGRESSIVE;
				GCC_WARN_UNUSED_FUNCTION = YES;
				GCC_WARN_UNUSED_VARIABLE = YES;
				IPHONEOS_DEPLOYMENT_TARGET = 10.1;
				MTL_ENABLE_DEBUG_INFO = YES;
				ONLY_ACTIVE_ARCH = YES;
				SDKROOT = iphoneos;
				SWIFT_ACTIVE_COMPILATION_CONDITIONS = DEBUG;
				SWIFT_OPTIMIZATION_LEVEL = "-Onone";
				TARGETED_DEVICE_FAMILY = "1,2";
			};
			name = Debug;
		};
		4F00CD971DF2A74800AB65F9 /* Release */ = {
			isa = XCBuildConfiguration;
			buildSettings = {
				ALWAYS_SEARCH_USER_PATHS = NO;
				CLANG_ANALYZER_NONNULL = YES;
				CLANG_CXX_LANGUAGE_STANDARD = "gnu++0x";
				CLANG_CXX_LIBRARY = "libc++";
				CLANG_ENABLE_MODULES = YES;
				CLANG_ENABLE_OBJC_ARC = YES;
				CLANG_WARN_BOOL_CONVERSION = YES;
				CLANG_WARN_CONSTANT_CONVERSION = YES;
				CLANG_WARN_DIRECT_OBJC_ISA_USAGE = YES_ERROR;
				CLANG_WARN_DOCUMENTATION_COMMENTS = YES;
				CLANG_WARN_EMPTY_BODY = YES;
				CLANG_WARN_ENUM_CONVERSION = YES;
				CLANG_WARN_INFINITE_RECURSION = YES;
				CLANG_WARN_INT_CONVERSION = YES;
				CLANG_WARN_OBJC_ROOT_CLASS = YES_ERROR;
				CLANG_WARN_SUSPICIOUS_MOVES = YES;
				CLANG_WARN_UNREACHABLE_CODE = YES;
				CLANG_WARN__DUPLICATE_METHOD_MATCH = YES;
				"CODE_SIGN_IDENTITY[sdk=iphoneos*]" = "iPhone Developer";
				COPY_PHASE_STRIP = NO;
				DEBUG_INFORMATION_FORMAT = "dwarf-with-dsym";
				ENABLE_NS_ASSERTIONS = NO;
				ENABLE_STRICT_OBJC_MSGSEND = YES;
				GCC_C_LANGUAGE_STANDARD = gnu99;
				GCC_NO_COMMON_BLOCKS = YES;
				GCC_WARN_64_TO_32_BIT_CONVERSION = YES;
				GCC_WARN_ABOUT_RETURN_TYPE = YES_ERROR;
				GCC_WARN_UNDECLARED_SELECTOR = YES;
				GCC_WARN_UNINITIALIZED_AUTOS = YES_AGGRESSIVE;
				GCC_WARN_UNUSED_FUNCTION = YES;
				GCC_WARN_UNUSED_VARIABLE = YES;
				IPHONEOS_DEPLOYMENT_TARGET = 10.1;
				MTL_ENABLE_DEBUG_INFO = NO;
				SDKROOT = iphoneos;
				SWIFT_OPTIMIZATION_LEVEL = "-Owholemodule";
				TARGETED_DEVICE_FAMILY = "1,2";
				VALIDATE_PRODUCT = YES;
			};
			name = Release;
		};
		4F00CD991DF2A74800AB65F9 /* Debug */ = {
			isa = XCBuildConfiguration;
			buildSettings = {
				ASSETCATALOG_COMPILER_APPICON_NAME = AppIcon;
				INFOPLIST_FILE = Quiz/Info.plist;
				LD_RUNPATH_SEARCH_PATHS = "$(inherited) @executable_path/Frameworks";
				PRODUCT_BUNDLE_IDENTIFIER = com.ias.Quiz;
				PRODUCT_NAME = "$(TARGET_NAME)";
				SWIFT_VERSION = 3.0;
			};
			name = Debug;
		};
		4F00CD9A1DF2A74800AB65F9 /* Release */ = {
			isa = XCBuildConfiguration;
			buildSettings = {
				ASSETCATALOG_COMPILER_APPICON_NAME = AppIcon;
				INFOPLIST_FILE = Quiz/Info.plist;
				LD_RUNPATH_SEARCH_PATHS = "$(inherited) @executable_path/Frameworks";
				PRODUCT_BUNDLE_IDENTIFIER = com.ias.Quiz;
				PRODUCT_NAME = "$(TARGET_NAME)";
				SWIFT_VERSION = 3.0;
			};
			name = Release;
		};
/* End XCBuildConfiguration section */

/* Begin XCConfigurationList section */
		4F00CD811DF2A74800AB65F9 /* Build configuration list for PBXProject "Quiz" */ = {
			isa = XCConfigurationList;
			buildConfigurations = (
				4F00CD961DF2A74800AB65F9 /* Debug */,
				4F00CD971DF2A74800AB65F9 /* Release */,
			);
			defaultConfigurationIsVisible = 0;
			defaultConfigurationName = Release;
		};
		4F00CD981DF2A74800AB65F9 /* Build configuration list for PBXNativeTarget "Quiz" */ = {
			isa = XCConfigurationList;
			buildConfigurations = (
				4F00CD991DF2A74800AB65F9 /* Debug */,
				4F00CD9A1DF2A74800AB65F9 /* Release */,
			);
			defaultConfigurationIsVisible = 0;
			defaultConfigurationName = Release;
		};
/* End XCConfigurationList section */
	};
	rootObject = 4F00CD7E1DF2A74800AB65F9 /* Project object */;
}
